
Microsoft Visual Studio Solution File, Format Version 12.00
# Visual Studio Version 16
VisualStudioVersion = 16.0.30204.135
MinimumVisualStudioVersion = 10.0.40219.1
Project("{9A19103F-16F7-4668-BE54-9A1E7A4F7556}") = "EmployeeCostCalculatorWeb", "EmployeeCostCalculator\EmployeeCostCalculatorWeb.csproj", "{4449040D-165C-45B3-B638-21F5339C59E1}"
EndProject
Project("{9A19103F-16F7-4668-BE54-9A1E7A4F7556}") = "Entities", "Entities\Entities.csproj", "{632E495C-C4F4-4E9C-8703-4A4C6E56BBAA}"
EndProject
Project("{9A19103F-16F7-4668-BE54-9A1E7A4F7556}") = "CostServices", "CostServices\CostServices.csproj", "{49FAD240-5F4A-4EE3-9873-847FAB7F5435}"
EndProject
Project("{9A19103F-16F7-4668-BE54-9A1E7A4F7556}") = "Interfaces", "Interfaces\Interfaces.csproj", "{0066755A-B9BF-4CC4-B2BD-120B86794FA3}"
EndProject
Project("{2150E333-8FDC-42A3-9474-1A3956D46DE8}") = "Tests", "Tests", "{E787F146-0C7F-41CF-8D37-34780BC8A7CE}"
EndProject
Project("{FAE04EC0-301F-11D3-BF4B-00C04F79EFBC}") = "CostServiceTest", "CostServiceTest\CostServiceTest.csproj", "{4D8DFCC2-1E5F-4E6F-82E8-44302DB09303}"
EndProject
Global
	GlobalSection(SolutionConfigurationPlatforms) = preSolution
		Debug|Any CPU = Debug|Any CPU
		Release|Any CPU = Release|Any CPU
	EndGlobalSection
	GlobalSection(ProjectConfigurationPlatforms) = postSolution
		{4449040D-165C-45B3-B638-21F5339C59E1}.Debug|Any CPU.ActiveCfg = Debug|Any CPU
		{4449040D-165C-45B3-B638-21F5339C59E1}.Debug|Any CPU.Build.0 = Debug|Any CPU
		{4449040D-165C-45B3-B638-21F5339C59E1}.Release|Any CPU.ActiveCfg = Release|Any CPU
		{4449040D-165C-45B3-B638-21F5339C59E1}.Release|Any CPU.Build.0 = Release|Any CPU
		{632E495C-C4F4-4E9C-8703-4A4C6E56BBAA}.Debug|Any CPU.ActiveCfg = Debug|Any CPU
		{632E495C-C4F4-4E9C-8703-4A4C6E56BBAA}.Debug|Any CPU.Build.0 = Debug|Any CPU
		{632E495C-C4F4-4E9C-8703-4A4C6E56BBAA}.Release|Any CPU.ActiveCfg = Release|Any CPU
		{632E495C-C4F4-4E9C-8703-4A4C6E56BBAA}.Release|Any CPU.Build.0 = Release|Any CPU
		{49FAD240-5F4A-4EE3-9873-847FAB7F5435}.Debug|Any CPU.ActiveCfg = Debug|Any CPU
		{49FAD240-5F4A-4EE3-9873-847FAB7F5435}.Debug|Any CPU.Build.0 = Debug|Any CPU
		{49FAD240-5F4A-4EE3-9873-847FAB7F5435}.Release|Any CPU.ActiveCfg = Release|Any CPU
		{49FAD240-5F4A-4EE3-9873-847FAB7F5435}.Release|Any CPU.Build.0 = Release|Any CPU
		{0066755A-B9BF-4CC4-B2BD-120B86794FA3}.Debug|Any CPU.ActiveCfg = Debug|Any CPU
		{0066755A-B9BF-4CC4-B2BD-120B86794FA3}.Debug|Any CPU.Build.0 = Debug|Any CPU
		{0066755A-B9BF-4CC4-B2BD-120B86794FA3}.Release|Any CPU.ActiveCfg = Release|Any CPU
		{0066755A-B9BF-4CC4-B2BD-120B86794FA3}.Release|Any CPU.Build.0 = Release|Any CPU
		{4D8DFCC2-1E5F-4E6F-82E8-44302DB09303}.Debug|Any CPU.ActiveCfg = Debug|Any CPU
		{4D8DFCC2-1E5F-4E6F-82E8-44302DB09303}.Debug|Any CPU.Build.0 = Debug|Any CPU
		{4D8DFCC2-1E5F-4E6F-82E8-44302DB09303}.Release|Any CPU.ActiveCfg = Release|Any CPU
		{4D8DFCC2-1E5F-4E6F-82E8-44302DB09303}.Release|Any CPU.Build.0 = Release|Any CPU
	EndGlobalSection
	GlobalSection(SolutionProperties) = preSolution
		HideSolutionNode = FALSE
	EndGlobalSection
	GlobalSection(NestedProjects) = preSolution
		{4D8DFCC2-1E5F-4E6F-82E8-44302DB09303} = {E787F146-0C7F-41CF-8D37-34780BC8A7CE}
	EndGlobalSection
	GlobalSection(ExtensibilityGlobals) = postSolution
		SolutionGuid = {690725F1-22F7-4D12-A5F5-1FD1C2B666D9}
	EndGlobalSection
EndGlobal
